schema: '2.0'
stages:
  train:
    cmd: python src/train.py
    deps:
    - path: data/gt_2011.csv
      hash: md5
      md5: c355a1eabb2a076bbd7c371ff990bf03
      size: 115503
    - path: src/train.py
      hash: md5
      md5: c560d1505043dc00a5c5c9e208721122
      size: 2690
    params:
      params.yaml:
        base.random_state: 42
        split_data.test_size: 0.2
        train_model.n_estimators: 150
        train_model.objective: reg:squarederror
    outs:
    - path: metrics.json
      hash: md5
      md5: c2676a32487dba307cc9566979708200
      size: 73
    - path: models/model.joblib
      hash: md5
      md5: 33e9c697fa232f08e07db474e0ee38b5
      size: 513627
